// !$*UTF8*$!
{
	archiveVersion = 1;
	classes = {
	};
	objectVersion = 56;
	objects = {

/* Begin PBXBuildFile section */
		9A09D1882A16E99500BB1A05 /* Velour-Light.otf in Resources */ = {isa = PBXBuildFile; fileRef = 9A09D1872A16E97E00BB1A05 /* Velour-Light.otf */; };
		9AE43DB92A1EBE5E00AA24AC /* Operator.swift in Sources */ = {isa = PBXBuildFile; fileRef = 9AE43DB82A1EBE5E00AA24AC /* Operator.swift */; };
		9AE43DBB2A1EBEFF00AA24AC /* Number.swift in Sources */ = {isa = PBXBuildFile; fileRef = 9AE43DBA2A1EBEFF00AA24AC /* Number.swift */; };
		9AE43DBE2A1EC0D600AA24AC /* NSDecimalNumber+Extension.swift in Sources */ = {isa = PBXBuildFile; fileRef = 9AE43DBD2A1EC0D600AA24AC /* NSDecimalNumber+Extension.swift */; };
		9AEFBFF329EDF8FC00FFAA11 /* AppDelegate.swift in Sources */ = {isa = PBXBuildFile; fileRef = 9AEFBFF229EDF8FC00FFAA11 /* AppDelegate.swift */; };
		9AEFBFF529EDF8FC00FFAA11 /* SceneDelegate.swift in Sources */ = {isa = PBXBuildFile; fileRef = 9AEFBFF429EDF8FC00FFAA11 /* SceneDelegate.swift */; };
		9AEFBFF729EDF8FC00FFAA11 /* ViewController.swift in Sources */ = {isa = PBXBuildFile; fileRef = 9AEFBFF629EDF8FC00FFAA11 /* ViewController.swift */; };
		9AEFBFFA29EDF8FC00FFAA11 /* Main.storyboard in Resources */ = {isa = PBXBuildFile; fileRef = 9AEFBFF829EDF8FC00FFAA11 /* Main.storyboard */; };
		9AEFBFFC29EDF8FD00FFAA11 /* Assets.xcassets in Resources */ = {isa = PBXBuildFile; fileRef = 9AEFBFFB29EDF8FD00FFAA11 /* Assets.xcassets */; };
		9AEFBFFF29EDF8FD00FFAA11 /* LaunchScreen.storyboard in Resources */ = {isa = PBXBuildFile; fileRef = 9AEFBFFD29EDF8FD00FFAA11 /* LaunchScreen.storyboard */; };
/* End PBXBuildFile section */

/* Begin PBXFileReference section */
		9A09D1872A16E97E00BB1A05 /* Velour-Light.otf */ = {isa = PBXFileReference; lastKnownFileType = file; path = "Velour-Light.otf"; sourceTree = "<group>"; };
		9AE43DB82A1EBE5E00AA24AC /* Operator.swift */ = {isa = PBXFileReference; lastKnownFileType = sourcecode.swift; path = Operator.swift; sourceTree = "<group>"; };
		9AE43DBA2A1EBEFF00AA24AC /* Number.swift */ = {isa = PBXFileReference; lastKnownFileType = sourcecode.swift; path = Number.swift; sourceTree = "<group>"; };
		9AE43DBD2A1EC0D600AA24AC /* NSDecimalNumber+Extension.swift */ = {isa = PBXFileReference; lastKnownFileType = sourcecode.swift; path = "NSDecimalNumber+Extension.swift"; sourceTree = "<group>"; };
		9AEFBFEF29EDF8FC00FFAA11 /* Calculator.app */ = {isa = PBXFileReference; explicitFileType = wrapper.application; includeInIndex = 0; path = Calculator.app; sourceTree = BUILT_PRODUCTS_DIR; };
		9AEFBFF229EDF8FC00FFAA11 /* AppDelegate.swift */ = {isa = PBXFileReference; lastKnownFileType = sourcecode.swift; path = AppDelegate.swift; sourceTree = "<group>"; };
		9AEFBFF429EDF8FC00FFAA11 /* SceneDelegate.swift */ = {isa = PBXFileReference; lastKnownFileType = sourcecode.swift; path = SceneDelegate.swift; sourceTree = "<group>"; };
		9AEFBFF629EDF8FC00FFAA11 /* ViewController.swift */ = {isa = PBXFileReference; lastKnownFileType = sourcecode.swift; path = ViewController.swift; sourceTree = "<group>"; };
		9AEFBFF929EDF8FC00FFAA11 /* Base */ = {isa = PBXFileReference; lastKnownFileType = file.storyboard; name = Base; path = Base.lproj/Main.storyboard; sourceTree = "<group>"; };
		9AEFBFFB29EDF8FD00FFAA11 /* Assets.xcassets */ = {isa = PBXFileReference; lastKnownFileType = folder.assetcatalog; path = Assets.xcassets; sourceTree = "<group>"; };
		9AEFBFFE29EDF8FD00FFAA11 /* Base */ = {isa = PBXFileReference; lastKnownFileType = file.storyboard; name = Base; path = Base.lproj/LaunchScreen.storyboard; sourceTree = "<group>"; };
		9AEFC00029EDF8FD00FFAA11 /* Info.plist */ = {isa = PBXFileReference; lastKnownFileType = text.plist.xml; path = Info.plist; sourceTree = "<group>"; };
/* End PBXFileReference section */

/* Begin PBXFrameworksBuildPhase section */
		9AEFBFEC29EDF8FC00FFAA11 /* Frameworks */ = {
			isa = PBXFrameworksBuildPhase;
			buildActionMask = 2147483647;
			files = (
			);
			runOnlyForDeploymentPostprocessing = 0;
		};
/* End PBXFrameworksBuildPhase section */

/* Begin PBXGroup section */
		9A09D1862A16E94F00BB1A05 /* fonts */ = {
			isa = PBXGroup;
			children = (
				9A09D1872A16E97E00BB1A05 /* Velour-Light.otf */,
			);
			path = fonts;
			sourceTree = "<group>";
		};
		9AE43DB32A1EBD7900AA24AC /* Model */ = {
			isa = PBXGroup;
			children = (
				9AE43DB82A1EBE5E00AA24AC /* Operator.swift */,
				9AE43DBA2A1EBEFF00AA24AC /* Number.swift */,
			);
			path = Model;
			sourceTree = "<group>";
		};
		9AE43DB42A1EBD8800AA24AC /* View */ = {
			isa = PBXGroup;
			children = (
				9AEFBFF829EDF8FC00FFAA11 /* Main.storyboard */,
				9AEFBFFD29EDF8FD00FFAA11 /* LaunchScreen.storyboard */,
			);
			path = View;
			sourceTree = "<group>";
		};
		9AE43DB52A1EBD9000AA24AC /* Controller */ = {
			isa = PBXGroup;
			children = (
				9AEFBFF629EDF8FC00FFAA11 /* ViewController.swift */,
			);
			path = Controller;
			sourceTree = "<group>";
		};
		9AE43DBC2A1EC09F00AA24AC /* Extensions */ = {
			isa = PBXGroup;
			children = (
				9AE43DBD2A1EC0D600AA24AC /* NSDecimalNumber+Extension.swift */,
			);
			path = Extensions;
			sourceTree = "<group>";
		};
		9AEFBFE629EDF8FC00FFAA11 = {
			isa = PBXGroup;
			children = (
				9AEFBFF129EDF8FC00FFAA11 /* Calculator */,
				9AEFBFF029EDF8FC00FFAA11 /* Products */,
			);
			sourceTree = "<group>";
		};
		9AEFBFF029EDF8FC00FFAA11 /* Products */ = {
			isa = PBXGroup;
			children = (
				9AEFBFEF29EDF8FC00FFAA11 /* Calculator.app */,
			);
			name = Products;
			sourceTree = "<group>";
		};
		9AEFBFF129EDF8FC00FFAA11 /* Calculator */ = {
			isa = PBXGroup;
			children = (
				9AE43DB32A1EBD7900AA24AC /* Model */,
				9AE43DB42A1EBD8800AA24AC /* View */,
				9AE43DB52A1EBD9000AA24AC /* Controller */,
				9AE43DBC2A1EC09F00AA24AC /* Extensions */,
				9AEFBFF229EDF8FC00FFAA11 /* AppDelegate.swift */,
				9AEFBFF429EDF8FC00FFAA11 /* SceneDelegate.swift */,
				9AEFBFFB29EDF8FD00FFAA11 /* Assets.xcassets */,
				9AEFC00029EDF8FD00FFAA11 /* Info.plist */,
				9A09D1862A16E94F00BB1A05 /* fonts */,
			);
			path = Calculator;
			sourceTree = "<group>";
		};
/* End PBXGroup section */

/* Begin PBXNativeTarget section */
		9AEFBFEE29EDF8FC00FFAA11 /* Calculator */ = {
			isa = PBXNativeTarget;
			buildConfigurationList = 9AEFC00329EDF8FD00FFAA11 /* Build configuration list for PBXNativeTarget "Calculator" */;
			buildPhases = (
				9AEFBFEB29EDF8FC00FFAA11 /* Sources */,
				9AEFBFEC29EDF8FC00FFAA11 /* Frameworks */,
				9AEFBFED29EDF8FC00FFAA11 /* Resources */,
			);
			buildRules = (
			);
			dependencies = (
			);
			name = Calculator;
			productName = Calculator;
			productReference = 9AEFBFEF29EDF8FC00FFAA11 /* Calculator.app */;
			productType = "com.apple.product-type.application";
		};
/* End PBXNativeTarget section */

/* Begin PBXProject section */
		9AEFBFE729EDF8FC00FFAA11 /* Project object */ = {
			isa = PBXProject;
			attributes = {
				BuildIndependentTargetsInParallel = 1;
				LastSwiftUpdateCheck = 1430;
				LastUpgradeCheck = 1430;
				TargetAttributes = {
					9AEFBFEE29EDF8FC00FFAA11 = {
						CreatedOnToolsVersion = 14.3;
					};
				};
			};
			buildConfigurationList = 9AEFBFEA29EDF8FC00FFAA11 /* Build configuration list for PBXProject "Calculator" */;
			compatibilityVersion = "Xcode 14.0";
			developmentRegion = en;
			hasScannedForEncodings = 0;
			knownRegions = (
				en,
				Base,
			);
			mainGroup = 9AEFBFE629EDF8FC00FFAA11;
			productRefGroup = 9AEFBFF029EDF8FC00FFAA11 /* Products */;
			projectDirPath = "";
			projectRoot = "";
			targets = (
				9AEFBFEE29EDF8FC00FFAA11 /* Calculator */,
			);
		};
/* End PBXProject section */

/* Begin PBXResourcesBuildPhase section */
		9AEFBFED29EDF8FC00FFAA11 /* Resources */ = {
			isa = PBXResourcesBuildPhase;
			buildActionMask = 2147483647;
			files = (
				9AEFBFFF29EDF8FD00FFAA11 /* LaunchScreen.storyboard in Resources */,
				9A09D1882A16E99500BB1A05 /* Velour-Light.otf in Resources */,
				9AEFBFFC29EDF8FD00FFAA11 /* Assets.xcassets in Resources */,
				9AEFBFFA29EDF8FC00FFAA11 /* Main.storyboard in Resources */,
			);
			runOnlyForDeploymentPostprocessing = 0;
		};
/* End PBXResourcesBuildPhase section */

/* Begin PBXSourcesBuildPhase section */
		9AEFBFEB29EDF8FC00FFAA11 /* Sources */ = {
			isa = PBXSourcesBuildPhase;
			buildActionMask = 2147483647;
			files = (
				9AEFBFF729EDF8FC00FFAA11 /* ViewController.swift in Sources */,
				9AE43DB92A1EBE5E00AA24AC /* Operator.swift in Sources */,
				9AE43DBB2A1EBEFF00AA24AC /* Number.swift in Sources */,
				9AE43DBE2A1EC0D600AA24AC /* NSDecimalNumber+Extension.swift in Sources */,
				9AEFBFF329EDF8FC00FFAA11 /* AppDelegate.swift in Sources */,
				9AEFBFF529EDF8FC00FFAA11 /* SceneDelegate.swift in Sources */,
			);
			runOnlyForDeploymentPostprocessing = 0;
		};
/* End PBXSourcesBuildPhase section */

/* Begin PBXVariantGroup section */
		9AEFBFF829EDF8FC00FFAA11 /* Main.storyboard */ = {
			isa = PBXVariantGroup;
			children = (
				9AEFBFF929EDF8FC00FFAA11 /* Base */,
			);
			name = Main.storyboard;
			sourceTree = "<group>";
		};
		9AEFBFFD29EDF8FD00FFAA11 /* LaunchScreen.storyboard */ = {
			isa = PBXVariantGroup;
			children = (
				9AEFBFFE29EDF8FD00FFAA11 /* Base */,
			);
			name = LaunchScreen.storyboard;
			sourceTree = "<group>";
		};
/* End PBXVariantGroup section */

/* Begin XCBuildConfiguration section */
		9AEFC00129EDF8FD00FFAA11 /* Debug */ = {
			isa = XCBuildConfiguration;
			buildSettings = {
				ALWAYS_SEARCH_USER_PATHS = NO;
				CLANG_ANALYZER_NONNULL = YES;
				CLANG_ANALYZER_NUMBER_OBJECT_CONVERSION = YES_AGGRESSIVE;
				CLANG_CXX_LANGUAGE_STANDARD = "gnu++20";
				CLANG_ENABLE_MODULES = YES;
				CLANG_ENABLE_OBJC_ARC = YES;
				CLANG_ENABLE_OBJC_WEAK = YES;
				CLANG_WARN_BLOCK_CAPTURE_AUTORELEASING = YES;
				CLANG_WARN_BOOL_CONVERSION = YES;
				CLANG_WARN_COMMA = YES;
				CLANG_WARN_CONSTANT_CONVERSION = YES;
				CLANG_WARN_DEPRECATED_OBJC_IMPLEMENTATIONS = YES;
				CLANG_WARN_DIRECT_OBJC_ISA_USAGE = YES_ERROR;
				CLANG_WARN_DOCUMENTATION_COMMENTS = YES;
				CLANG_WARN_EMPTY_BODY = YES;
				CLANG_WARN_ENUM_CONVERSION = YES;
				CLANG_WARN_INFINITE_RECURSION = YES;
				CLANG_WARN_INT_CONVERSION = YES;
				CLANG_WARN_NON_LITERAL_NULL_CONVERSION = YES;
				CLANG_WARN_OBJC_IMPLICIT_RETAIN_SELF = YES;
				CLANG_WARN_OBJC_LITERAL_CONVERSION = YES;
				CLANG_WARN_OBJC_ROOT_CLASS = YES_ERROR;
				CLANG_WARN_QUOTED_INCLUDE_IN_FRAMEWORK_HEADER = YES;
				CLANG_WARN_RANGE_LOOP_ANALYSIS = YES;
				CLANG_WARN_STRICT_PROTOTYPES = YES;
				CLANG_WARN_SUSPICIOUS_MOVE = YES;
				CLANG_WARN_UNGUARDED_AVAILABILITY = YES_AGGRESSIVE;
				CLANG_WARN_UNREACHABLE_CODE = YES;
				CLANG_WARN__DUPLICATE_METHOD_MATCH = YES;
				COPY_PHASE_STRIP = NO;
				DEBUG_INFORMATION_FORMAT = dwarf;
				ENABLE_STRICT_OBJC_MSGSEND = YES;
				ENABLE_TESTABILITY = YES;
				GCC_C_LANGUAGE_STANDARD = gnu11;
				GCC_DYNAMIC_NO_PIC = NO;
				GCC_NO_COMMON_BLOCKS = YES;
				GCC_OPTIMIZATION_LEVEL = 0;
				GCC_PREPROCESSOR_DEFINITIONS = (
					"DEBUG=1",
					"$(inherited)",
				);
				GCC_WARN_64_TO_32_BIT_CONVERSION = YES;
				GCC_WARN_ABOUT_RETURN_TYPE = YES_ERROR;
				GCC_WARN_UNDECLARED_SELECTOR = YES;
				GCC_WARN_UNINITIALIZED_AUTOS = YES_AGGRESSIVE;
				GCC_WARN_UNUSED_FUNCTION = YES;
				GCC_WARN_UNUSED_VARIABLE = YES;
				IPHONEOS_DEPLOYMENT_TARGET = 16.4;
				MTL_ENABLE_DEBUG_INFO = INCLUDE_SOURCE;
				MTL_FAST_MATH = YES;
				ONLY_ACTIVE_ARCH = YES;
				SDKROOT = iphoneos;
				SWIFT_ACTIVE_COMPILATION_CONDITIONS = DEBUG;
				SWIFT_OPTIMIZATION_LEVEL = "-Onone";
			};
			name = Debug;
		};
		9AEFC00229EDF8FD00FFAA11 /* Release */ = {
			isa = XCBuildConfiguration;
			buildSettings = {
				ALWAYS_SEARCH_USER_PATHS = NO;
				CLANG_ANALYZER_NONNULL = YES;
				CLANG_ANALYZER_NUMBER_OBJECT_CONVERSION = YES_AGGRESSIVE;
				CLANG_CXX_LANGUAGE_STANDARD = "gnu++20";
				CLANG_ENABLE_MODULES = YES;
				CLANG_ENABLE_OBJC_ARC = YES;
				CLANG_ENABLE_OBJC_WEAK = YES;
				CLANG_WARN_BLOCK_CAPTURE_AUTORELEASING = YES;
				CLANG_WARN_BOOL_CONVERSION = YES;
				CLANG_WARN_COMMA = YES;
				CLANG_WARN_CONSTANT_CONVERSION = YES;
				CLANG_WARN_DEPRECATED_OBJC_IMPLEMENTATIONS = YES;
				CLANG_WARN_DIRECT_OBJC_ISA_USAGE = YES_ERROR;
				CLANG_WARN_DOCUMENTATION_COMMENTS = YES;
				CLANG_WARN_EMPTY_BODY = YES;
				CLANG_WARN_ENUM_CONVERSION = YES;
				CLANG_WARN_INFINITE_RECURSION = YES;
				CLANG_WARN_INT_CONVERSION = YES;
				CLANG_WARN_NON_LITERAL_NULL_CONVERSION = YES;
				CLANG_WARN_OBJC_IMPLICIT_RETAIN_SELF = YES;
				CLANG_WARN_OBJC_LITERAL_CONVERSION = YES;
				CLANG_WARN_OBJC_ROOT_CLASS = YES_ERROR;
				CLANG_WARN_QUOTED_INCLUDE_IN_FRAMEWORK_HEADER = YES;
				CLANG_WARN_RANGE_LOOP_ANALYSIS = YES;
				CLANG_WARN_STRICT_PROTOTYPES = YES;
				CLANG_WARN_SUSPICIOUS_MOVE = YES;
				CLANG_WARN_UNGUARDED_AVAILABILITY = YES_AGGRESSIVE;
				CLANG_WARN_UNREACHABLE_CODE = YES;
				CLANG_WARN__DUPLICATE_METHOD_MATCH = YES;
				COPY_PHASE_STRIP = NO;
				DEBUG_INFORMATION_FORMAT = "dwarf-with-dsym";
				ENABLE_NS_ASSERTIONS = NO;
				ENABLE_STRICT_OBJC_MSGSEND = YES;
				GCC_C_LANGUAGE_STANDARD = gnu11;
				GCC_NO_COMMON_BLOCKS = YES;
				GCC_WARN_64_TO_32_BIT_CONVERSION = YES;
				GCC_WARN_ABOUT_RETURN_TYPE = YES_ERROR;
				GCC_WARN_UNDECLARED_SELECTOR = YES;
				GCC_WARN_UNINITIALIZED_AUTOS = YES_AGGRESSIVE;
				GCC_WARN_UNUSED_FUNCTION = YES;
				GCC_WARN_UNUSED_VARIABLE = YES;
				IPHONEOS_DEPLOYMENT_TARGET = 16.4;
				MTL_ENABLE_DEBUG_INFO = NO;
				MTL_FAST_MATH = YES;
				SDKROOT = iphoneos;
				SWIFT_COMPILATION_MODE = wholemodule;
				SWIFT_OPTIMIZATION_LEVEL = "-O";
				VALIDATE_PRODUCT = YES;
			};
			name = Release;
		};
		9AEFC00429EDF8FD00FFAA11 /* Debug */ = {
			isa = XCBuildConfiguration;
			buildSettings = {
				ASSETCATALOG_COMPILER_APPICON_NAME = AppIcon;
				ASSETCATALOG_COMPILER_GLOBAL_ACCENT_COLOR_NAME = AccentColor;
				CODE_SIGN_STYLE = Automatic;
				CURRENT_PROJECT_VERSION = 1;
				GENERATE_INFOPLIST_FILE = YES;
				INFOPLIST_FILE = Calculator/Info.plist;
				INFOPLIST_KEY_UIApplicationSupportsIndirectInputEvents = YES;
				INFOPLIST_KEY_UILaunchStoryboardName = LaunchScreen;
				INFOPLIST_KEY_UIMainStoryboardFile = Main;
				INFOPLIST_KEY_UISupportedInterfaceOrientations_iPad = "UIInterfaceOrientationPortrait UIInterfaceOrientationPortraitUpsideDown UIInterfaceOrientationLandscapeLeft UIInterfaceOrientationLandscapeRight";
				INFOPLIST_KEY_UISupportedInterfaceOrientations_iPhone = "UIInterfaceOrientationPortrait UIInterfaceOrientationLandscapeLeft UIInterfaceOrientationLandscapeRight";
				LD_RUNPATH_SEARCH_PATHS = (
					"$(inherited)",
					"@executable_path/Frameworks",
				);
				MARKETING_VERSION = 1.0;
				PRODUCT_BUNDLE_IDENTIFIER = "zo-glass.Calculator";
				PRODUCT_NAME = "$(TARGET_NAME)";
				SWIFT_EMIT_LOC_STRINGS = YES;
				SWIFT_VERSION = 5.0;
				TARGETED_DEVICE_FAMILY = "1,2";
			};
			name = Debug;
		};
		9AEFC00529EDF8FD00FFAA11 /* Release */ = {
			isa = XCBuildConfiguration;
			buildSettings = {
				ASSETCATALOG_COMPILER_APPICON_NAME = AppIcon;
				ASSETCATALOG_COMPILER_GLOBAL_ACCENT_COLOR_NAME = AccentColor;
				CODE_SIGN_STYLE = Automatic;
				CURRENT_PROJECT_VERSION = 1;
				GENERATE_INFOPLIST_FILE = YES;
				INFOPLIST_FILE = Calculator/Info.plist;
				INFOPLIST_KEY_UIApplicationSupportsIndirectInputEvents = YES;
				INFOPLIST_KEY_UILaunchStoryboardName = LaunchScreen;
				INFOPLIST_KEY_UIMainStoryboardFile = Main;
				INFOPLIST_KEY_UISupportedInterfaceOrientations_iPad = "UIInterfaceOrientationPortrait UIInterfaceOrientationPortraitUpsideDown UIInterfaceOrientationLandscapeLeft UIInterfaceOrientationLandscapeRight";
				INFOPLIST_KEY_UISupportedInterfaceOrientations_iPhone = "UIInterfaceOrientationPortrait UIInterfaceOrientationLandscapeLeft UIInterfaceOrientationLandscapeRight";
				LD_RUNPATH_SEARCH_PATHS = (
					"$(inherited)",
					"@executable_path/Frameworks",
				);
				MARKETING_VERSION = 1.0;
				PRODUCT_BUNDLE_IDENTIFIER = "zo-glass.Calculator";
				PRODUCT_NAME = "$(TARGET_NAME)";
				SWIFT_EMIT_LOC_STRINGS = YES;
				SWIFT_VERSION = 5.0;
				TARGETED_DEVICE_FAMILY = "1,2";
			};
			name = Release;
		};
/* End XCBuildConfiguration section */

/* Begin XCConfigurationList section */
		9AEFBFEA29EDF8FC00FFAA11 /* Build configuration list for PBXProject "Calculator" */ = {
			isa = XCConfigurationList;
			buildConfigurations = (
				9AEFC00129EDF8FD00FFAA11 /* Debug */,
				9AEFC00229EDF8FD00FFAA11 /* Release */,
			);
			defaultConfigurationIsVisible = 0;
			defaultConfigurationName = Release;
		};
		9AEFC00329EDF8FD00FFAA11 /* Build configuration list for PBXNativeTarget "Calculator" */ = {
			isa = XCConfigurationList;
			buildConfigurations = (
				9AEFC00429EDF8FD00FFAA11 /* Debug */,
				9AEFC00529EDF8FD00FFAA11 /* Release */,
			);
			defaultConfigurationIsVisible = 0;
			defaultConfigurationName = Release;
		};
/* End XCConfigurationList section */
	};
	rootObject = 9AEFBFE729EDF8FC00FFAA11 /* Project object */;
}
